
Microsoft Visual Studio Solution File, Format Version 12.00
# Visual Studio Version 17
VisualStudioVersion = 17.3.32819.101
MinimumVisualStudioVersion = 10.0.40219.1
Project("{9A19103F-16F7-4668-BE54-9A1E7A4F7556}") = "IdentifyServer_Demo", "IdentifyServer_Demo.csproj", "{B80AE40E-637F-4E93-832D-C6B6AF533BC8}"
EndProject
Project("{9A19103F-16F7-4668-BE54-9A1E7A4F7556}") = "DataAccess", "..\DataAccess\DataAccess.csproj", "{97278C37-3AF6-40D3-A7AD-A10E86A4A182}"
EndProject
Global
	GlobalSection(SolutionConfigurationPlatforms) = preSolution
		Debug|Any CPU = Debug|Any CPU
		Release|Any CPU = Release|Any CPU
	EndGlobalSection
	GlobalSection(ProjectConfigurationPlatforms) = postSolution
		{B80AE40E-637F-4E93-832D-C6B6AF533BC8}.Debug|Any CPU.ActiveCfg = Debug|Any CPU
		{B80AE40E-637F-4E93-832D-C6B6AF533BC8}.Debug|Any CPU.Build.0 = Debug|Any CPU
		{B80AE40E-637F-4E93-832D-C6B6AF533BC8}.Release|Any CPU.ActiveCfg = Release|Any CPU
		{B80AE40E-637F-4E93-832D-C6B6AF533BC8}.Release|Any CPU.Build.0 = Release|Any CPU
		{97278C37-3AF6-40D3-A7AD-A10E86A4A182}.Debug|Any CPU.ActiveCfg = Debug|Any CPU
		{97278C37-3AF6-40D3-A7AD-A10E86A4A182}.Debug|Any CPU.Build.0 = Debug|Any CPU
		{97278C37-3AF6-40D3-A7AD-A10E86A4A182}.Release|Any CPU.ActiveCfg = Release|Any CPU
		{97278C37-3AF6-40D3-A7AD-A10E86A4A182}.Release|Any CPU.Build.0 = Release|Any CPU
	EndGlobalSection
	GlobalSection(SolutionProperties) = preSolution
		HideSolutionNode = FALSE
	EndGlobalSection
	GlobalSection(ExtensibilityGlobals) = postSolution
		SolutionGuid = {E849AE47-B8E1-4F7C-B3EA-272594DFAD64}
	EndGlobalSection
EndGlobal
